
Microsoft Visual Studio Solution File, Format Version 12.00
# Visual Studio Version 17
VisualStudioVersion = 17.13.0.0
MinimumVisualStudioVersion = 10.0.40219.1
Project("{9A19103F-16F7-4668-BE54-9A1E7A4F7556}") = "RepoSyncRadar.Core", "src\RepoSyncRadar.Core\RepoSyncRadar.Core.csproj", "{11111111-1111-1111-1111-111111111111}"
EndProject
Project("{9A19103F-16F7-4668-BE54-9A1E7A4F7556}") = "RepoSyncRadar.App", "src\RepoSyncRadar.App\RepoSyncRadar.App.csproj", "{22222222-2222-2222-2222-222222222222}"
EndProject
Project("{2150E333-8FDC-42A3-9474-1A3956D46DE8}") = "solution items", "solution items", "{33333333-3333-3333-3333-333333333333}"
	ProjectSection(SolutionItems) = preProject
		Directory.Build.props = Directory.Build.props
		Directory.Packages.props = Directory.Packages.props
		global.json = global.json
		README.md = README.md
		.editorconfig = .editorconfig
		.gitignore = .gitignore
	EndProjectSection
EndProject
Project("{2150E333-8FDC-42A3-9474-1A3956D46DE8}") = "docs", "docs", "{44444444-4444-4444-4444-444444444444}"
	ProjectSection(SolutionItems) = preProject
		docs\DESIGN.md = docs\DESIGN.md
	EndProjectSection
EndProject
Project("{2150E333-8FDC-42A3-9474-1A3956D46DE8}") = "tests", "tests", "{0AB3BF05-4346-4AA6-1389-037BE0695223}"
EndProject
Project("{FAE04EC0-301F-11D3-BF4B-00C04F79EFBC}") = "RepoSyncRadar.Core.Tests", "tests\RepoSyncRadar.Core.Tests\RepoSyncRadar.Core.Tests.csproj", "{1F1D6D3C-9FD0-4701-A602-020F553D4E79}"
EndProject
Project("{FAE04EC0-301F-11D3-BF4B-00C04F79EFBC}") = "RepoSyncRadar.Integrations.Tests", "tests\RepoSyncRadar.Integrations.Tests\RepoSyncRadar.Integrations.Tests.csproj", "{D97103C1-E675-4047-A643-69E7503DAD11}"
EndProject
Project("{FAE04EC0-301F-11D3-BF4B-00C04F79EFBC}") = "RepoSyncRadar.App.Tests", "tests\RepoSyncRadar.App.Tests\RepoSyncRadar.App.Tests.csproj", "{A777479E-6D84-4CFF-BFCC-77AFDE8704E4}"
EndProject
Project("{FAE04EC0-301F-11D3-BF4B-00C04F79EFBC}") = "RepoSyncRadar.App.E2E.Tests", "tests\RepoSyncRadar.App.E2E.Tests\RepoSyncRadar.App.E2E.Tests.csproj", "{8A5C7652-0A21-4AB6-A158-358E6A8E2263}"
EndProject
Project("{2150E333-8FDC-42A3-9474-1A3956D46DE8}") = "src", "src", "{827E0CD3-B72D-47B6-A68D-7590B98EB39B}"
EndProject
Global
	GlobalSection(SolutionConfigurationPlatforms) = preSolution
		Debug|Any CPU = Debug|Any CPU
		Debug|x64 = Debug|x64
		Debug|x86 = Debug|x86
		Release|Any CPU = Release|Any CPU
		Release|x64 = Release|x64
		Release|x86 = Release|x86
	EndGlobalSection
	GlobalSection(ProjectConfigurationPlatforms) = postSolution
		{11111111-1111-1111-1111-111111111111}.Debug|Any CPU.ActiveCfg = Debug|Any CPU
		{11111111-1111-1111-1111-111111111111}.Debug|Any CPU.Build.0 = Debug|Any CPU
		{11111111-1111-1111-1111-111111111111}.Debug|x64.ActiveCfg = Debug|Any CPU
		{11111111-1111-1111-1111-111111111111}.Debug|x64.Build.0 = Debug|Any CPU
		{11111111-1111-1111-1111-111111111111}.Debug|x86.ActiveCfg = Debug|Any CPU
		{11111111-1111-1111-1111-111111111111}.Debug|x86.Build.0 = Debug|Any CPU
		{11111111-1111-1111-1111-111111111111}.Release|Any CPU.ActiveCfg = Release|Any CPU
		{11111111-1111-1111-1111-111111111111}.Release|Any CPU.Build.0 = Release|Any CPU
		{11111111-1111-1111-1111-111111111111}.Release|x64.ActiveCfg = Release|Any CPU
		{11111111-1111-1111-1111-111111111111}.Release|x64.Build.0 = Release|Any CPU
		{11111111-1111-1111-1111-111111111111}.Release|x86.ActiveCfg = Release|Any CPU
		{11111111-1111-1111-1111-111111111111}.Release|x86.Build.0 = Release|Any CPU
		{22222222-2222-2222-2222-222222222222}.Debug|Any CPU.ActiveCfg = Debug|Any CPU
		{22222222-2222-2222-2222-222222222222}.Debug|Any CPU.Build.0 = Debug|Any CPU
		{22222222-2222-2222-2222-222222222222}.Debug|x64.ActiveCfg = Debug|Any CPU
		{22222222-2222-2222-2222-222222222222}.Debug|x64.Build.0 = Debug|Any CPU
		{22222222-2222-2222-2222-222222222222}.Debug|x86.ActiveCfg = Debug|Any CPU
		{22222222-2222-2222-2222-222222222222}.Debug|x86.Build.0 = Debug|Any CPU
		{22222222-2222-2222-2222-222222222222}.Release|Any CPU.ActiveCfg = Release|Any CPU
		{22222222-2222-2222-2222-222222222222}.Release|Any CPU.Build.0 = Release|Any CPU
		{22222222-2222-2222-2222-222222222222}.Release|x64.ActiveCfg = Release|Any CPU
		{22222222-2222-2222-2222-222222222222}.Release|x64.Build.0 = Release|Any CPU
		{22222222-2222-2222-2222-222222222222}.Release|x86.ActiveCfg = Release|Any CPU
		{22222222-2222-2222-2222-222222222222}.Release|x86.Build.0 = Release|Any CPU
		{1F1D6D3C-9FD0-4701-A602-020F553D4E79}.Debug|Any CPU.ActiveCfg = Debug|Any CPU
		{1F1D6D3C-9FD0-4701-A602-020F553D4E79}.Debug|Any CPU.Build.0 = Debug|Any CPU
		{1F1D6D3C-9FD0-4701-A602-020F553D4E79}.Debug|x64.ActiveCfg = Debug|Any CPU
		{1F1D6D3C-9FD0-4701-A602-020F553D4E79}.Debug|x64.Build.0 = Debug|Any CPU
		{1F1D6D3C-9FD0-4701-A602-020F553D4E79}.Debug|x86.ActiveCfg = Debug|Any CPU
		{1F1D6D3C-9FD0-4701-A602-020F553D4E79}.Debug|x86.Build.0 = Debug|Any CPU
		{1F1D6D3C-9FD0-4701-A602-020F553D4E79}.Release|Any CPU.ActiveCfg = Release|Any CPU
		{1F1D6D3C-9FD0-4701-A602-020F553D4E79}.Release|Any CPU.Build.0 = Release|Any CPU
		{1F1D6D3C-9FD0-4701-A602-020F553D4E79}.Release|x64.ActiveCfg = Release|Any CPU
		{1F1D6D3C-9FD0-4701-A602-020F553D4E79}.Release|x64.Build.0 = Release|Any CPU
		{1F1D6D3C-9FD0-4701-A602-020F553D4E79}.Release|x86.ActiveCfg = Release|Any CPU
		{1F1D6D3C-9FD0-4701-A602-020F553D4E79}.Release|x86.Build.0 = Release|Any CPU
		{D97103C1-E675-4047-A643-69E7503DAD11}.Debug|Any CPU.ActiveCfg = Debug|Any CPU
		{D97103C1-E675-4047-A643-69E7503DAD11}.Debug|Any CPU.Build.0 = Debug|Any CPU
		{D97103C1-E675-4047-A643-69E7503DAD11}.Debug|x64.ActiveCfg = Debug|Any CPU
		{D97103C1-E675-4047-A643-69E7503DAD11}.Debug|x64.Build.0 = Debug|Any CPU
		{D97103C1-E675-4047-A643-69E7503DAD11}.Debug|x86.ActiveCfg = Debug|Any CPU
		{D97103C1-E675-4047-A643-69E7503DAD11}.Debug|x86.Build.0 = Debug|Any CPU
		{D97103C1-E675-4047-A643-69E7503DAD11}.Release|Any CPU.ActiveCfg = Release|Any CPU
		{D97103C1-E675-4047-A643-69E7503DAD11}.Release|Any CPU.Build.0 = Release|Any CPU
		{D97103C1-E675-4047-A643-69E7503DAD11}.Release|x64.ActiveCfg = Release|Any CPU
		{D97103C1-E675-4047-A643-69E7503DAD11}.Release|x64.Build.0 = Release|Any CPU
		{D97103C1-E675-4047-A643-69E7503DAD11}.Release|x86.ActiveCfg = Release|Any CPU
		{D97103C1-E675-4047-A643-69E7503DAD11}.Release|x86.Build.0 = Release|Any CPU
		{A777479E-6D84-4CFF-BFCC-77AFDE8704E4}.Debug|Any CPU.ActiveCfg = Debug|Any CPU
		{A777479E-6D84-4CFF-BFCC-77AFDE8704E4}.Debug|Any CPU.Build.0 = Debug|Any CPU
		{A777479E-6D84-4CFF-BFCC-77AFDE8704E4}.Debug|x64.ActiveCfg = Debug|Any CPU
		{A777479E-6D84-4CFF-BFCC-77AFDE8704E4}.Debug|x64.Build.0 = Debug|Any CPU
		{A777479E-6D84-4CFF-BFCC-77AFDE8704E4}.Debug|x86.ActiveCfg = Debug|Any CPU
		{A777479E-6D84-4CFF-BFCC-77AFDE8704E4}.Debug|x86.Build.0 = Debug|Any CPU
		{A777479E-6D84-4CFF-BFCC-77AFDE8704E4}.Release|Any CPU.ActiveCfg = Release|Any CPU
		{A777479E-6D84-4CFF-BFCC-77AFDE8704E4}.Release|Any CPU.Build.0 = Release|Any CPU
		{A777479E-6D84-4CFF-BFCC-77AFDE8704E4}.Release|x64.ActiveCfg = Release|Any CPU
		{A777479E-6D84-4CFF-BFCC-77AFDE8704E4}.Release|x64.Build.0 = Release|Any CPU
		{A777479E-6D84-4CFF-BFCC-77AFDE8704E4}.Release|x86.ActiveCfg = Release|Any CPU
		{A777479E-6D84-4CFF-BFCC-77AFDE8704E4}.Release|x86.Build.0 = Release|Any CPU
		{8A5C7652-0A21-4AB6-A158-358E6A8E2263}.Debug|Any CPU.ActiveCfg = Debug|Any CPU
		{8A5C7652-0A21-4AB6-A158-358E6A8E2263}.Debug|Any CPU.Build.0 = Debug|Any CPU
		{8A5C7652-0A21-4AB6-A158-358E6A8E2263}.Debug|x64.ActiveCfg = Debug|Any CPU
		{8A5C7652-0A21-4AB6-A158-358E6A8E2263}.Debug|x64.Build.0 = Debug|Any CPU
		{8A5C7652-0A21-4AB6-A158-358E6A8E2263}.Debug|x86.ActiveCfg = Debug|Any CPU
		{8A5C7652-0A21-4AB6-A158-358E6A8E2263}.Debug|x86.Build.0 = Debug|Any CPU
		{8A5C7652-0A21-4AB6-A158-358E6A8E2263}.Release|Any CPU.ActiveCfg = Release|Any CPU
		{8A5C7652-0A21-4AB6-A158-358E6A8E2263}.Release|Any CPU.Build.0 = Release|Any CPU
		{8A5C7652-0A21-4AB6-A158-358E6A8E2263}.Release|x64.ActiveCfg = Release|Any CPU
		{8A5C7652-0A21-4AB6-A158-358E6A8E2263}.Release|x64.Build.0 = Release|Any CPU
		{8A5C7652-0A21-4AB6-A158-358E6A8E2263}.Release|x86.ActiveCfg = Release|Any CPU
		{8A5C7652-0A21-4AB6-A158-358E6A8E2263}.Release|x86.Build.0 = Release|Any CPU
	EndGlobalSection
	GlobalSection(SolutionProperties) = preSolution
		HideSolutionNode = FALSE
	EndGlobalSection
	GlobalSection(NestedProjects) = preSolution
		{1F1D6D3C-9FD0-4701-A602-020F553D4E79} = {0AB3BF05-4346-4AA6-1389-037BE0695223}
		{D97103C1-E675-4047-A643-69E7503DAD11} = {0AB3BF05-4346-4AA6-1389-037BE0695223}
		{A777479E-6D84-4CFF-BFCC-77AFDE8704E4} = {0AB3BF05-4346-4AA6-1389-037BE0695223}
		{8A5C7652-0A21-4AB6-A158-358E6A8E2263} = {0AB3BF05-4346-4AA6-1389-037BE0695223}
	EndGlobalSection
	GlobalSection(ExtensibilityGlobals) = postSolution
		SolutionGuid = {55555555-5555-5555-5555-555555555555}
	EndGlobalSection
EndGlobal
